
Microsoft Visual Studio Solution File, Format Version 12.00
# Visual Studio 15
VisualStudioVersion = 15.0.27428.2002
MinimumVisualStudioVersion = 10.0.40219.1
Project("{FAE04EC0-301F-11D3-BF4B-00C04F79EFBC}") = "Q5.Employee.Driver", "Q5.Employee.Driver\Q5.Employee.Driver.csproj", "{BC796276-A516-4A4E-8575-864BF2505E86}"
EndProject
Project("{2150E333-8FDC-42A3-9474-1A3956D46DE8}") = "Solution Items", "Solution Items", "{065CDE3A-544F-4EFE-BC77-38D4260210EA}"
EndProject
Global
	GlobalSection(SolutionConfigurationPlatforms) = preSolution
		Debug|Any CPU = Debug|Any CPU
		Release|Any CPU = Release|Any CPU
	EndGlobalSection
	GlobalSection(ProjectConfigurationPlatforms) = postSolution
		{BC796276-A516-4A4E-8575-864BF2505E86}.Debug|Any CPU.ActiveCfg = Debug|Any CPU
		{BC796276-A516-4A4E-8575-864BF2505E86}.Debug|Any CPU.Build.0 = Debug|Any CPU
		{BC796276-A516-4A4E-8575-864BF2505E86}.Release|Any CPU.ActiveCfg = Release|Any CPU
		{BC796276-A516-4A4E-8575-864BF2505E86}.Release|Any CPU.Build.0 = Release|Any CPU
	EndGlobalSection
	GlobalSection(SolutionProperties) = preSolution
		HideSolutionNode = FALSE
	EndGlobalSection
	GlobalSection(ExtensibilityGlobals) = postSolution
		SolutionGuid = {405CA24B-1E96-4F58-9CCC-ED8ECBD2270F}
	EndGlobalSection
EndGlobal
